version = 1
revision = 1
requires-python = ">=3.10"

[[package]]
name = "anyio"
version = "4.2.0"
source = { registry = "https://pypi.org/simple" }
dependencies = [
    { name = "exceptiongroup", marker = "python_version < '3.11'" },
    { name = "idna" },
    { name = "sniffio" },
    { name = "typing-extensions", marker = "python_version < '3.11'" },
]

[[package]]
name = "certifi"
version = "2023.11.17"
source = { registry = "https://pypi.org/simple" }

[[package]]
name = "charset-normalizer"
version = "3.3.2"
source = { registry = "https://pypi.org/simple" }

[[package]]
name = "click"
version = "8.1.7"
source = { registry = "https://pypi.org/simple" }
dependencies = [
    { name = "colorama", marker = "platform_system == 'Windows'" },
]

[[package]]
name = "colorama"
version = "0.4.6"
source = { registry = "https://pypi.org/simple" }

[[package]]
name = "exceptiongroup"
version = "1.2.0"
source = { registry = "https://pypi.org/simple" }

[[package]]
name = "h11"
version = "0.14.0"
source = { registry = "https://pypi.org/simple" }

[[package]]
name = "httpcore"
version = "1.0.2"
source = { registry = "https://pypi.org/simple" }
dependencies = [
    { name = "certifi" },
    { name = "h11" },
]

[[package]]
name = "httpx"
version = "0.25.2"
source = { registry = "https://pypi.org/simple" }
dependencies = [
    { name = "certifi" },
    { name = "httpcore" },
    { name = "idna" },
    { name = "sniffio" },
]

[[package]]
name = "httpx-sse"
version = "0.3.1"
source = { registry = "https://pypi.org/simple" }
dependencies = [
    { name = "httpx" },
]

[[package]]
name = "idna"
version = "3.6"
source = { registry = "https://pypi.org/simple" }

[[package]]
name = "mcp"
version = "1.0.0"
source = { registry = "https://pypi.org/simple" }
dependencies = [
    { name = "anyio" },
    { name = "httpx" },
    { name = "httpx-sse" },
    { name = "pydantic" },
    { name = "pydantic-settings" },
    { name = "sse-starlette" },
    { name = "starlette" },
    { name = "uvicorn" },
]

[[package]]
name = "mcp-monday-server"
version = "0.1.0"
source = { editable = "." }
dependencies = [
    { name = "mcp" },
    { name = "monday" },
    { name = "python-dotenv" },
    { name = "requests" },
]

[[package]]
name = "monday"
version = "2.0.1"
source = { registry = "https://pypi.org/simple" }
dependencies = [
    { name = "requests" },
]

[[package]]
name = "pydantic"
version = "2.5.2"
source = { registry = "https://pypi.org/simple" }
dependencies = [
    { name = "annotated-types" },
    { name = "pydantic-core" },
    { name = "typing-extensions" },
]

[[package]]
name = "annotated-types"
version = "0.6.0"
source = { registry = "https://pypi.org/simple" }

[[package]]
name = "pydantic-core"
version = "2.14.5"
source = { registry = "https://pypi.org/simple" }
dependencies = [
    { name = "typing-extensions" },
]

[[package]]
name = "pydantic-settings"
version = "2.1.0"
source = { registry = "https://pypi.org/simple" }
dependencies = [
    { name = "pydantic" },
    { name = "python-dotenv" },
]

[[package]]
name = "python-dotenv"
version = "1.0.0"
source = { registry = "https://pypi.org/simple" }

[[package]]
name = "requests"
version = "2.32.3"
source = { registry = "https://pypi.org/simple" }
dependencies = [
    { name = "certifi" },
    { name = "charset-normalizer" },
    { name = "idna" },
    { name = "urllib3" },
]

[[package]]
name = "sniffio"
version = "1.3.0"
source = { registry = "https://pypi.org/simple" }

[[package]]
name = "sse-starlette"
version = "1.6.5"
source = { registry = "https://pypi.org/simple" }
dependencies = [
    { name = "starlette" },
]

[[package]]
name = "starlette"
version = "0.34.0"
source = { registry = "https://pypi.org/simple" }
dependencies = [
    { name = "anyio" },
]

[[package]]
name = "typing-extensions"
version = "4.9.0"
source = { registry = "https://pypi.org/simple" }

[[package]]
name = "urllib3"
version = "2.2.0"
source = { registry = "https://pypi.org/simple" }

[[package]]
name = "uvicorn"
version = "0.24.0"
source = { registry = "https://pypi.org/simple" }
dependencies = [
    { name = "click" },
    { name = "h11" },
    { name = "typing-extensions", marker = "python_version < '3.11'" },
]